
Microsoft Visual Studio Solution File, Format Version 12.00
# Visual Studio Version 17
VisualStudioVersion = 17.4.33213.308
MinimumVisualStudioVersion = 10.0.40219.1
Project("{FAE04EC0-301F-11D3-BF4B-00C04F79EFBC}") = "Sistema-Gestão-estudantes", "Sistema-Gestão-estudantes.csproj", "{DFDB999F-FF6B-4FED-8CA5-10C0B504F2DE}"
EndProject
Global
	GlobalSection(SolutionConfigurationPlatforms) = preSolution
		Debug|Any CPU = Debug|Any CPU
		Release|Any CPU = Release|Any CPU
	EndGlobalSection
	GlobalSection(ProjectConfigurationPlatforms) = postSolution
		{DFDB999F-FF6B-4FED-8CA5-10C0B504F2DE}.Debug|Any CPU.ActiveCfg = Debug|Any CPU
		{DFDB999F-FF6B-4FED-8CA5-10C0B504F2DE}.Debug|Any CPU.Build.0 = Debug|Any CPU
		{DFDB999F-FF6B-4FED-8CA5-10C0B504F2DE}.Release|Any CPU.ActiveCfg = Release|Any CPU
		{DFDB999F-FF6B-4FED-8CA5-10C0B504F2DE}.Release|Any CPU.Build.0 = Release|Any CPU
	EndGlobalSection
	GlobalSection(SolutionProperties) = preSolution
		HideSolutionNode = FALSE
	EndGlobalSection
	GlobalSection(ExtensibilityGlobals) = postSolution
		SolutionGuid = {CADCC770-71DD-43F7-B46C-C1858CAAEAA6}
	EndGlobalSection
EndGlobal
